
Microsoft Visual Studio Solution File, Format Version 12.00
# Visual Studio Version 17
VisualStudioVersion = 17.3.32811.315
MinimumVisualStudioVersion = 10.0.40219.1
Project("{9A19103F-16F7-4668-BE54-9A1E7A4F7556}") = "projetocripto", "projetocripto\projetocripto.csproj", "{0E06CABD-9EE7-417B-B0D9-E56919FC79C0}"
EndProject
Global
	GlobalSection(SolutionConfigurationPlatforms) = preSolution
		Debug|Any CPU = Debug|Any CPU
		Release|Any CPU = Release|Any CPU
	EndGlobalSection
	GlobalSection(ProjectConfigurationPlatforms) = postSolution
		{0E06CABD-9EE7-417B-B0D9-E56919FC79C0}.Debug|Any CPU.ActiveCfg = Debug|Any CPU
		{0E06CABD-9EE7-417B-B0D9-E56919FC79C0}.Debug|Any CPU.Build.0 = Debug|Any CPU
		{0E06CABD-9EE7-417B-B0D9-E56919FC79C0}.Release|Any CPU.ActiveCfg = Release|Any CPU
		{0E06CABD-9EE7-417B-B0D9-E56919FC79C0}.Release|Any CPU.Build.0 = Release|Any CPU
	EndGlobalSection
	GlobalSection(SolutionProperties) = preSolution
		HideSolutionNode = FALSE
	EndGlobalSection
	GlobalSection(ExtensibilityGlobals) = postSolution
		SolutionGuid = {5BCEE43E-C164-41FC-81AA-0A1D419B5E6C}
	EndGlobalSection
EndGlobal
